
Microsoft Visual Studio Solution File, Format Version 12.00
# Visual Studio 15
Project("{FAE04EC0-301F-11D3-BF4B-00C04F79EFBC}") = "Uppgift6", "Uppgift6\Uppgift6.csproj", "{A11C8027-B5EF-43F0-83AD-CF106D5B3A8B}"
EndProject
Project("{FAE04EC0-301F-11D3-BF4B-00C04F79EFBC}") = "Uppgift6.Tests", "Uppgift6.Tests\Uppgift6.Tests.csproj", "{709538E0-9D2D-4F03-B105-FF268EAA0BA4}"
EndProject
Global
	GlobalSection(SolutionConfigurationPlatforms) = preSolution
		Debug|Any CPU = Debug|Any CPU
		Release|Any CPU = Release|Any CPU
	EndGlobalSection
	GlobalSection(ProjectConfigurationPlatforms) = postSolution
		{A11C8027-B5EF-43F0-83AD-CF106D5B3A8B}.Debug|Any CPU.ActiveCfg = Debug|Any CPU
		{A11C8027-B5EF-43F0-83AD-CF106D5B3A8B}.Debug|Any CPU.Build.0 = Debug|Any CPU
		{A11C8027-B5EF-43F0-83AD-CF106D5B3A8B}.Release|Any CPU.ActiveCfg = Release|Any CPU
		{A11C8027-B5EF-43F0-83AD-CF106D5B3A8B}.Release|Any CPU.Build.0 = Release|Any CPU
		{709538E0-9D2D-4F03-B105-FF268EAA0BA4}.Debug|Any CPU.ActiveCfg = Debug|Any CPU
		{709538E0-9D2D-4F03-B105-FF268EAA0BA4}.Debug|Any CPU.Build.0 = Debug|Any CPU
		{709538E0-9D2D-4F03-B105-FF268EAA0BA4}.Release|Any CPU.ActiveCfg = Release|Any CPU
		{709538E0-9D2D-4F03-B105-FF268EAA0BA4}.Release|Any CPU.Build.0 = Release|Any CPU
	EndGlobalSection
EndGlobal
